# THIS IS AN AUTOGENERATED FILE. DO NOT EDIT THIS FILE DIRECTLY.
# yarn lockfile v1


nan@^2.17.0:
  version "2.18.0"
  resolved "https://registry.yarnpkg.com/nan/-/nan-2.18.0.tgz#26a6faae7ffbeb293a39660e88a76b82e30b7554"
  integrity sha512-W7tfG7vMOGtD30sHoZSSc/JVYiyDPEyQVso/Zz+/uQd0B0L46gtC+pHha5FFMRpil6fm/AoEcRWyOVi4+E/f8w==

node-pty@^1.0.0:
  version "1.0.0"
  resolved "https://registry.yarnpkg.com/node-pty/-/node-pty-1.0.0.tgz#7daafc0aca1c4ca3de15c61330373af4af5861fd"
  integrity sha512-wtBMWWS7dFZm/VgqElrTvtfMq4GzJ6+edFI0Y0zyzygUSZMgZdraDUMUhCIvkjhJjme15qWmbyJbtAx4ot4uZA==
  dependencies:
    nan "^2.17.0"

run-pty@^4.1.0:
  version "4.1.0"
  resolved "https://registry.yarnpkg.com/run-pty/-/run-pty-4.1.0.tgz#a3a8aad7bd6e36ab101f6598ee9eb8af552950b7"
  integrity sha512-Sl0b143FW+4sYX+WQksnE7hcxMgqTDrKntd091x5s+HG36K37mL3INgjK8RasH3YqFQQYTXQX7bmUjgdUoTklQ==
  dependencies:
    node-pty "^1.0.0"
    tiny-decoders "^7.0.1"

tiny-decoders@^7.0.1:
  version "7.0.1"
  resolved "https://registry.yarnpkg.com/tiny-decoders/-/tiny-decoders-7.0.1.tgz#ce80d377a214a5c46ffdd37b3b14f64e91215210"
  integrity sha512-P1LaHTLASl/lCrdtwgAAVwxt4bEAPmxpf9HMQrlCkAseaT8oH8oxm8ndy4nx5rLTcL5U/Qxp1a+FDoQfS/ZgQQ==
